# This file is automatically @generated by Cargo.
# It is not intended for manual editing.
version = 4

[[package]]
name = "bitflags"
version = "0.7.0"
source = "registry+https://github.com/rust-lang/crates.io-index"
checksum = "aad18937a628ec6abcd26d1489012cc0e18c21798210f491af69ded9b881106d"

[[package]]
name = "bitflags"
version = "2.5.0"
source = "registry+https://github.com/rust-lang/crates.io-index"
checksum = "cf4b9d6a944f767f8e5e0db018570623c85f3d925ac718db4e06d0187adb21c1"

[[package]]
name = "capstone"
version = "0.13.0"
source = "registry+https://github.com/rust-lang/crates.io-index"
checksum = "015ef5d5ca1743e3f94af9509ba6bd2886523cfee46e48d15c2ef5216fd4ac9a"
dependencies = [
 "capstone-sys",
 "libc",
]

[[package]]
name = "capstone-sys"
version = "0.17.0"
source = "registry+https://github.com/rust-lang/crates.io-index"
checksum = "2267cb8d16a1e4197863ec4284ffd1aec26fe7e57c58af46b02590a0235809a0"
dependencies = [
 "cc",
 "libc",
]

[[package]]
name = "cc"
version = "1.2.29"
source = "registry+https://github.com/rust-lang/crates.io-index"
checksum = "5c1599538de2394445747c8cf7935946e3cc27e9625f889d979bfb2aaf569362"
dependencies = [
 "shlex",
]

[[package]]
name = "cfg-if"
version = "1.0.0"
source = "registry+https://github.com/rust-lang/crates.io-index"
checksum = "baf1de4339761588bc0619e3cbc0120ee582ebb74b53b4efbf79117bd2da40fd"

[[package]]
name = "cfg_aliases"
version = "0.2.1"
source = "registry+https://github.com/rust-lang/crates.io-index"
checksum = "613afe47fcd5fac7ccf1db93babcb082c5994d996f20b8b159f2ad1658eb5724"

[[package]]
name = "iced-x86"
version = "1.21.0"
source = "registry+https://github.com/rust-lang/crates.io-index"
checksum = "7c447cff8c7f384a7d4f741cfcff32f75f3ad02b406432e8d6c878d56b1edf6b"
dependencies = [
 "lazy_static",
]

[[package]]
name = "keystone"
version = "0.9.0"
source = "registry+https://github.com/rust-lang/crates.io-index"
checksum = "0409d156f77bf2a5fc3a9f78233b0594ca5cf7a6021fa617403e6c7a2dd421fe"
dependencies = [
 "bitflags 0.7.0",
 "libc",
]

[[package]]
name = "lazy_static"
version = "1.5.0"
source = "registry+https://github.com/rust-lang/crates.io-index"
checksum = "bbd2bcb4c963f2ddae06a2efc7e9f3591312473c50c6685e1f298068316e66fe"

[[package]]
name = "libc"
version = "0.2.155"
source = "registry+https://github.com/rust-lang/crates.io-index"
checksum = "97b3888a4aecf77e811145cadf6eef5901f4782c53886191b2f693f24761847c"

[[package]]
name = "mockrs"
version = "1.2.3"
dependencies = [
 "capstone",
 "iced-x86",
 "keystone",
 "lazy_static",
 "nix",
]

[[package]]
name = "nix"
version = "0.29.0"
source = "registry+https://github.com/rust-lang/crates.io-index"
checksum = "71e2746dc3a24dd78b3cfcb7be93368c6de9963d30f43a6a73998a9cf4b17b46"
dependencies = [
 "bitflags 2.5.0",
 "cfg-if",
 "cfg_aliases",
 "libc",
]

[[package]]
name = "shlex"
version = "1.3.0"
source = "registry+https://github.com/rust-lang/crates.io-index"
checksum = "0fda2ff0d084019ba4d7c6f371c95d8fd75ce3524c3cb8fb653a3023f6323e64"
